
Microsoft Visual Studio Solution File, Format Version 12.00
# Visual Studio Version 16
VisualStudioVersion = 16.0.29613.14
MinimumVisualStudioVersion = 10.0.40219.1
Project("{FAE04EC0-301F-11D3-BF4B-00C04F79EFBC}") = "HW EX1A - Seth", "HW EX1A - Seth\HW EX1A - Seth.csproj", "{FBFE0658-A4D0-4767-A3EE-A58156F1EC28}"
EndProject
Global
	GlobalSection(SolutionConfigurationPlatforms) = preSolution
		Debug|Any CPU = Debug|Any CPU
		Release|Any CPU = Release|Any CPU
	EndGlobalSection
	GlobalSection(ProjectConfigurationPlatforms) = postSolution
		{FBFE0658-A4D0-4767-A3EE-A58156F1EC28}.Debug|Any CPU.ActiveCfg = Debug|Any CPU
		{FBFE0658-A4D0-4767-A3EE-A58156F1EC28}.Debug|Any CPU.Build.0 = Debug|Any CPU
		{FBFE0658-A4D0-4767-A3EE-A58156F1EC28}.Release|Any CPU.ActiveCfg = Release|Any CPU
		{FBFE0658-A4D0-4767-A3EE-A58156F1EC28}.Release|Any CPU.Build.0 = Release|Any CPU
	EndGlobalSection
	GlobalSection(SolutionProperties) = preSolution
		HideSolutionNode = FALSE
	EndGlobalSection
	GlobalSection(ExtensibilityGlobals) = postSolution
		SolutionGuid = {312EC5A1-C129-40B7-B950-18FD5DD365EE}
	EndGlobalSection
EndGlobal
